
Microsoft Visual Studio Solution File, Format Version 12.00
# Visual Studio 14
VisualStudioVersion = 14.0.25123.0
MinimumVisualStudioVersion = 10.0.40219.1
Project("{FAE04EC0-301F-11D3-BF4B-00C04F79EFBC}") = "Steamkit2-csgo", "Steamkit2-csgo\Steamkit2-csgo.csproj", "{6B1B61ED-0A2A-430D-9A06-8C5E17A52A60}"
EndProject
Project("{2150E333-8FDC-42A3-9474-1A3956D46DE8}") = "Example", "Example", "{2B9E2E68-A70B-41B1-946F-CD62A66E7735}"
EndProject
Project("{FAE04EC0-301F-11D3-BF4B-00C04F79EFBC}") = "Basic", "Example\Basic.csproj", "{08E8921B-5484-4789-8205-23EF04EFB548}"
EndProject
Global
	GlobalSection(SolutionConfigurationPlatforms) = preSolution
		Debug|Any CPU = Debug|Any CPU
		Release|Any CPU = Release|Any CPU
	EndGlobalSection
	GlobalSection(ProjectConfigurationPlatforms) = postSolution
		{6B1B61ED-0A2A-430D-9A06-8C5E17A52A60}.Debug|Any CPU.ActiveCfg = Debug|Any CPU
		{6B1B61ED-0A2A-430D-9A06-8C5E17A52A60}.Debug|Any CPU.Build.0 = Debug|Any CPU
		{6B1B61ED-0A2A-430D-9A06-8C5E17A52A60}.Release|Any CPU.ActiveCfg = Release|Any CPU
		{6B1B61ED-0A2A-430D-9A06-8C5E17A52A60}.Release|Any CPU.Build.0 = Release|Any CPU
		{08E8921B-5484-4789-8205-23EF04EFB548}.Debug|Any CPU.ActiveCfg = Debug|Any CPU
		{08E8921B-5484-4789-8205-23EF04EFB548}.Debug|Any CPU.Build.0 = Debug|Any CPU
		{08E8921B-5484-4789-8205-23EF04EFB548}.Release|Any CPU.ActiveCfg = Release|Any CPU
		{08E8921B-5484-4789-8205-23EF04EFB548}.Release|Any CPU.Build.0 = Release|Any CPU
	EndGlobalSection
	GlobalSection(SolutionProperties) = preSolution
		HideSolutionNode = FALSE
	EndGlobalSection
	GlobalSection(NestedProjects) = preSolution
		{08E8921B-5484-4789-8205-23EF04EFB548} = {2B9E2E68-A70B-41B1-946F-CD62A66E7735}
	EndGlobalSection
EndGlobal
